# @generated by Move, please check-in and do not edit manually.

[move]
version = 2
manifest_digest = "0674039798978436CEF659B3D75768032FDDB61BAFDCF4E9D064E84585950CBA"
deps_digest = "F8BBB0CCB2491CA29A3DF03D6F92277A4F3574266507ACD77214D37ECA3F3082"
dependencies = [
  { name = "Sui" },
]

[[move.package]]
name = "MoveStdlib"
source = { git = "https://github.com/MystenLabs/sui.git", rev = "framework/testnet", subdir = "crates/sui-framework/packages/move-stdlib" }

[[move.package]]
name = "Sui"
source = { git = "https://github.com/MystenLabs/sui.git", rev = "framework/testnet", subdir = "crates/sui-framework/packages/sui-framework" }

dependencies = [
  { name = "MoveStdlib" },
]

[move.toolchain-version]
compiler-version = "1.32.0"
edition = "2024.beta"
flavor = "sui"

[env]

[env.devnet]
chain-id = "6e9adb0e"
original-published-id = "0x7c810d8d51fb80371dfb35bcfec2abbd7b8fecbd6fd41ab6e7d9c6a168327cef"
latest-published-id = "0x7c810d8d51fb80371dfb35bcfec2abbd7b8fecbd6fd41ab6e7d9c6a168327cef"
published-version = "1"

[env.mainnet]
chain-id = "35834a8a"
original-published-id = "0xfc30d96a770b44c4b9bf7efe16cf23ec6d74afb69635c9761318b30ba0134e55"
latest-published-id = "0xfc30d96a770b44c4b9bf7efe16cf23ec6d74afb69635c9761318b30ba0134e55"
published-version = "1"
